// !$*UTF8*$!
{
	archiveVersion = 1;
	classes = {
	};
	objectVersion = 50;
	objects = {

/* Begin PBXBuildFile section */
		E8B36BA222EF64D7002BCCE8 /* AppDelegate.swift in Sources */ = {isa = PBXBuildFile; fileRef = E8B36BA122EF64D7002BCCE8 /* AppDelegate.swift */; };
		E8B36BA722EF64D7002BCCE8 /* Main.storyboard in Resources */ = {isa = PBXBuildFile; fileRef = E8B36BA522EF64D7002BCCE8 /* Main.storyboard */; };
		E8B36BA922EF64D8002BCCE8 /* Assets.xcassets in Resources */ = {isa = PBXBuildFile; fileRef = E8B36BA822EF64D8002BCCE8 /* Assets.xcassets */; };
		E8B36BAC22EF64D8002BCCE8 /* LaunchScreen.storyboard in Resources */ = {isa = PBXBuildFile; fileRef = E8B36BAA22EF64D8002BCCE8 /* LaunchScreen.storyboard */; };
		E8DF2F3222F100FB00C868B7 /* LoginViewController.swift in Sources */ = {isa = PBXBuildFile; fileRef = E8DF2F3122F100FB00C868B7 /* LoginViewController.swift */; };
		E8DF2F3422F1014400C868B7 /* EmailViewController.swift in Sources */ = {isa = PBXBuildFile; fileRef = E8DF2F3322F1014400C868B7 /* EmailViewController.swift */; };
		E8DF2F3622F1017100C868B7 /* PasswordViewController.swift in Sources */ = {isa = PBXBuildFile; fileRef = E8DF2F3522F1017100C868B7 /* PasswordViewController.swift */; };
		E8DF2F3822F101A000C868B7 /* DashboardViewController.swift in Sources */ = {isa = PBXBuildFile; fileRef = E8DF2F3722F101A000C868B7 /* DashboardViewController.swift */; };
		E8DF2F3A22F101D200C868B7 /* SettingsViewController.swift in Sources */ = {isa = PBXBuildFile; fileRef = E8DF2F3922F101D200C868B7 /* SettingsViewController.swift */; };
		E8DF2F3C22F1020000C868B7 /* ProfileViewController.swift in Sources */ = {isa = PBXBuildFile; fileRef = E8DF2F3B22F1020000C868B7 /* ProfileViewController.swift */; };
/* End PBXBuildFile section */

/* Begin PBXFileReference section */
		E85D3A8F22EFBBBA0072E286 /* RoundedMplus1c-Medium.ttf */ = {isa = PBXFileReference; lastKnownFileType = file; path = "RoundedMplus1c-Medium.ttf"; sourceTree = "<group>"; };
		E85D3A9022EFBBBA0072E286 /* RoundedMplus1c-Bold.ttf */ = {isa = PBXFileReference; lastKnownFileType = file; path = "RoundedMplus1c-Bold.ttf"; sourceTree = "<group>"; };
		E85D3A9122EFBBBA0072E286 /* RoundedMplus1c-Regular.ttf */ = {isa = PBXFileReference; lastKnownFileType = file; path = "RoundedMplus1c-Regular.ttf"; sourceTree = "<group>"; };
		E85D3A9222EFBBBA0072E286 /* RoundedMplus1c2-ExtraBold.ttf */ = {isa = PBXFileReference; lastKnownFileType = file; path = "RoundedMplus1c2-ExtraBold.ttf"; sourceTree = "<group>"; };
		E85D3A9322EFBBBB0072E286 /* RoundedMplus1c-Light.ttf */ = {isa = PBXFileReference; lastKnownFileType = file; path = "RoundedMplus1c-Light.ttf"; sourceTree = "<group>"; };
		E85D3A9422EFBBFB0072E286 /* RoundedMplus1c-Thin.ttf */ = {isa = PBXFileReference; lastKnownFileType = file; name = "RoundedMplus1c-Thin.ttf"; path = "../../../../../../../../Downloads/Rounded-Mplus-1c/roundedmplus1c/RoundedMplus1c-Thin.ttf"; sourceTree = "<group>"; };
		E85D3A9522EFBC0A0072E286 /* RoundedMplus1c-Black.ttf */ = {isa = PBXFileReference; lastKnownFileType = file; name = "RoundedMplus1c-Black.ttf"; path = "../../../../../../../../Downloads/Rounded-Mplus-1c/roundedmplus1c/RoundedMplus1c-Black.ttf"; sourceTree = "<group>"; };
		E8B36B9E22EF64D7002BCCE8 /* GuessWho.app */ = {isa = PBXFileReference; explicitFileType = wrapper.application; includeInIndex = 0; path = GuessWho.app; sourceTree = BUILT_PRODUCTS_DIR; };
		E8B36BA122EF64D7002BCCE8 /* AppDelegate.swift */ = {isa = PBXFileReference; lastKnownFileType = sourcecode.swift; path = AppDelegate.swift; sourceTree = "<group>"; };
		E8B36BA622EF64D7002BCCE8 /* Base */ = {isa = PBXFileReference; lastKnownFileType = file.storyboard; name = Base; path = Base.lproj/Main.storyboard; sourceTree = "<group>"; };
		E8B36BA822EF64D8002BCCE8 /* Assets.xcassets */ = {isa = PBXFileReference; lastKnownFileType = folder.assetcatalog; path = Assets.xcassets; sourceTree = "<group>"; };
		E8B36BAB22EF64D8002BCCE8 /* Base */ = {isa = PBXFileReference; lastKnownFileType = file.storyboard; name = Base; path = Base.lproj/LaunchScreen.storyboard; sourceTree = "<group>"; };
		E8B36BAD22EF64D8002BCCE8 /* Info.plist */ = {isa = PBXFileReference; lastKnownFileType = text.plist.xml; path = Info.plist; sourceTree = "<group>"; };
		E8DF2F3122F100FB00C868B7 /* LoginViewController.swift */ = {isa = PBXFileReference; lastKnownFileType = sourcecode.swift; path = LoginViewController.swift; sourceTree = "<group>"; };
		E8DF2F3322F1014400C868B7 /* EmailViewController.swift */ = {isa = PBXFileReference; lastKnownFileType = sourcecode.swift; path = EmailViewController.swift; sourceTree = "<group>"; };
		E8DF2F3522F1017100C868B7 /* PasswordViewController.swift */ = {isa = PBXFileReference; lastKnownFileType = sourcecode.swift; path = PasswordViewController.swift; sourceTree = "<group>"; };
		E8DF2F3722F101A000C868B7 /* DashboardViewController.swift */ = {isa = PBXFileReference; lastKnownFileType = sourcecode.swift; path = DashboardViewController.swift; sourceTree = "<group>"; };
		E8DF2F3922F101D200C868B7 /* SettingsViewController.swift */ = {isa = PBXFileReference; lastKnownFileType = sourcecode.swift; path = SettingsViewController.swift; sourceTree = "<group>"; };
		E8DF2F3B22F1020000C868B7 /* ProfileViewController.swift */ = {isa = PBXFileReference; lastKnownFileType = sourcecode.swift; path = ProfileViewController.swift; sourceTree = "<group>"; };
/* End PBXFileReference section */

/* Begin PBXFrameworksBuildPhase section */
		E8B36B9B22EF64D7002BCCE8 /* Frameworks */ = {
			isa = PBXFrameworksBuildPhase;
			buildActionMask = 2147483647;
			files = (
			);
			runOnlyForDeploymentPostprocessing = 0;
		};
/* End PBXFrameworksBuildPhase section */

/* Begin PBXGroup section */
		E85D3A8822EFA2070072E286 /* Recources */ = {
			isa = PBXGroup;
			children = (
				E8B36BA522EF64D7002BCCE8 /* Main.storyboard */,
				E8B36BA822EF64D8002BCCE8 /* Assets.xcassets */,
				E8B36BAA22EF64D8002BCCE8 /* LaunchScreen.storyboard */,
			);
			path = Recources;
			sourceTree = "<group>";
		};
		E85D3A8E22EFBB890072E286 /* RoundedMplus1c */ = {
			isa = PBXGroup;
			children = (
				E85D3A9122EFBBBA0072E286 /* RoundedMplus1c-Regular.ttf */,
				E85D3A9422EFBBFB0072E286 /* RoundedMplus1c-Thin.ttf */,
				E85D3A9222EFBBBA0072E286 /* RoundedMplus1c2-ExtraBold.ttf */,
				E85D3A8F22EFBBBA0072E286 /* RoundedMplus1c-Medium.ttf */,
				E85D3A9522EFBC0A0072E286 /* RoundedMplus1c-Black.ttf */,
				E85D3A9322EFBBBB0072E286 /* RoundedMplus1c-Light.ttf */,
				E85D3A9022EFBBBA0072E286 /* RoundedMplus1c-Bold.ttf */,
			);
			path = RoundedMplus1c;
			sourceTree = "<group>";
		};
		E8B36B9522EF64D7002BCCE8 = {
			isa = PBXGroup;
			children = (
				E8B36BA022EF64D7002BCCE8 /* GuessWho */,
				E8B36B9F22EF64D7002BCCE8 /* Products */,
			);
			sourceTree = "<group>";
		};
		E8B36B9F22EF64D7002BCCE8 /* Products */ = {
			isa = PBXGroup;
			children = (
				E8B36B9E22EF64D7002BCCE8 /* GuessWho.app */,
			);
			name = Products;
			sourceTree = "<group>";
		};
		E8B36BA022EF64D7002BCCE8 /* GuessWho */ = {
			isa = PBXGroup;
			children = (
				E8B36BA122EF64D7002BCCE8 /* AppDelegate.swift */,
				E8DF2F3022F100D600C868B7 /* View Controllers */,
				E85D3A8822EFA2070072E286 /* Recources */,
				E8B36BAD22EF64D8002BCCE8 /* Info.plist */,
				E85D3A8E22EFBB890072E286 /* RoundedMplus1c */,
			);
			path = GuessWho;
			sourceTree = "<group>";
		};
		E8DF2F3022F100D600C868B7 /* View Controllers */ = {
			isa = PBXGroup;
			children = (
				E8DF2F3122F100FB00C868B7 /* LoginViewController.swift */,
				E8DF2F3322F1014400C868B7 /* EmailViewController.swift */,
				E8DF2F3522F1017100C868B7 /* PasswordViewController.swift */,
				E8DF2F3722F101A000C868B7 /* DashboardViewController.swift */,
				E8DF2F3B22F1020000C868B7 /* ProfileViewController.swift */,
				E8DF2F3922F101D200C868B7 /* SettingsViewController.swift */,
			);
			path = "View Controllers";
			sourceTree = "<group>";
		};
/* End PBXGroup section */

/* Begin PBXNativeTarget section */
		E8B36B9D22EF64D7002BCCE8 /* GuessWho */ = {
			isa = PBXNativeTarget;
			buildConfigurationList = E8B36BB022EF64D8002BCCE8 /* Build configuration list for PBXNativeTarget "GuessWho" */;
			buildPhases = (
				E8B36B9A22EF64D7002BCCE8 /* Sources */,
				E8B36B9B22EF64D7002BCCE8 /* Frameworks */,
				E8B36B9C22EF64D7002BCCE8 /* Resources */,
			);
			buildRules = (
			);
			dependencies = (
			);
			name = GuessWho;
			productName = GuessWho;
			productReference = E8B36B9E22EF64D7002BCCE8 /* GuessWho.app */;
			productType = "com.apple.product-type.application";
		};
/* End PBXNativeTarget section */

/* Begin PBXProject section */
		E8B36B9622EF64D7002BCCE8 /* Project object */ = {
			isa = PBXProject;
			attributes = {
				LastSwiftUpdateCheck = 1020;
				LastUpgradeCheck = 1020;
				ORGANIZATIONNAME = "Lambda School";
				TargetAttributes = {
					E8B36B9D22EF64D7002BCCE8 = {
						CreatedOnToolsVersion = 10.2.1;
					};
				};
			};
			buildConfigurationList = E8B36B9922EF64D7002BCCE8 /* Build configuration list for PBXProject "GuessWho" */;
			compatibilityVersion = "Xcode 9.3";
			developmentRegion = en;
			hasScannedForEncodings = 0;
			knownRegions = (
				en,
				Base,
			);
			mainGroup = E8B36B9522EF64D7002BCCE8;
			productRefGroup = E8B36B9F22EF64D7002BCCE8 /* Products */;
			projectDirPath = "";
			projectRoot = "";
			targets = (
				E8B36B9D22EF64D7002BCCE8 /* GuessWho */,
			);
		};
/* End PBXProject section */

/* Begin PBXResourcesBuildPhase section */
		E8B36B9C22EF64D7002BCCE8 /* Resources */ = {
			isa = PBXResourcesBuildPhase;
			buildActionMask = 2147483647;
			files = (
				E8B36BAC22EF64D8002BCCE8 /* LaunchScreen.storyboard in Resources */,
				E8B36BA922EF64D8002BCCE8 /* Assets.xcassets in Resources */,
				E8B36BA722EF64D7002BCCE8 /* Main.storyboard in Resources */,
			);
			runOnlyForDeploymentPostprocessing = 0;
		};
/* End PBXResourcesBuildPhase section */

/* Begin PBXSourcesBuildPhase section */
		E8B36B9A22EF64D7002BCCE8 /* Sources */ = {
			isa = PBXSourcesBuildPhase;
			buildActionMask = 2147483647;
			files = (
				E8DF2F3222F100FB00C868B7 /* LoginViewController.swift in Sources */,
				E8DF2F3622F1017100C868B7 /* PasswordViewController.swift in Sources */,
				E8DF2F3822F101A000C868B7 /* DashboardViewController.swift in Sources */,
				E8DF2F3422F1014400C868B7 /* EmailViewController.swift in Sources */,
				E8DF2F3C22F1020000C868B7 /* ProfileViewController.swift in Sources */,
				E8B36BA222EF64D7002BCCE8 /* AppDelegate.swift in Sources */,
				E8DF2F3A22F101D200C868B7 /* SettingsViewController.swift in Sources */,
			);
			runOnlyForDeploymentPostprocessing = 0;
		};
/* End PBXSourcesBuildPhase section */

/* Begin PBXVariantGroup section */
		E8B36BA522EF64D7002BCCE8 /* Main.storyboard */ = {
			isa = PBXVariantGroup;
			children = (
				E8B36BA622EF64D7002BCCE8 /* Base */,
			);
			name = Main.storyboard;
			sourceTree = "<group>";
		};
		E8B36BAA22EF64D8002BCCE8 /* LaunchScreen.storyboard */ = {
			isa = PBXVariantGroup;
			children = (
				E8B36BAB22EF64D8002BCCE8 /* Base */,
			);
			name = LaunchScreen.storyboard;
			sourceTree = "<group>";
		};
/* End PBXVariantGroup section */

/* Begin XCBuildConfiguration section */
		E8B36BAE22EF64D8002BCCE8 /* Debug */ = {
			isa = XCBuildConfiguration;
			buildSettings = {
				ALWAYS_SEARCH_USER_PATHS = NO;
				CLANG_ANALYZER_NONNULL = YES;
				CLANG_ANALYZER_NUMBER_OBJECT_CONVERSION = YES_AGGRESSIVE;
				CLANG_CXX_LANGUAGE_STANDARD = "gnu++14";
				CLANG_CXX_LIBRARY = "libc++";
				CLANG_ENABLE_MODULES = YES;
				CLANG_ENABLE_OBJC_ARC = YES;
				CLANG_ENABLE_OBJC_WEAK = YES;
				CLANG_WARN_BLOCK_CAPTURE_AUTORELEASING = YES;
				CLANG_WARN_BOOL_CONVERSION = YES;
				CLANG_WARN_COMMA = YES;
				CLANG_WARN_CONSTANT_CONVERSION = YES;
				CLANG_WARN_DEPRECATED_OBJC_IMPLEMENTATIONS = YES;
				CLANG_WARN_DIRECT_OBJC_ISA_USAGE = YES_ERROR;
				CLANG_WARN_DOCUMENTATION_COMMENTS = YES;
				CLANG_WARN_EMPTY_BODY = YES;
				CLANG_WARN_ENUM_CONVERSION = YES;
				CLANG_WARN_INFINITE_RECURSION = YES;
				CLANG_WARN_INT_CONVERSION = YES;
				CLANG_WARN_NON_LITERAL_NULL_CONVERSION = YES;
				CLANG_WARN_OBJC_IMPLICIT_RETAIN_SELF = YES;
				CLANG_WARN_OBJC_LITERAL_CONVERSION = YES;
				CLANG_WARN_OBJC_ROOT_CLASS = YES_ERROR;
				CLANG_WARN_RANGE_LOOP_ANALYSIS = YES;
				CLANG_WARN_STRICT_PROTOTYPES = YES;
				CLANG_WARN_SUSPICIOUS_MOVE = YES;
				CLANG_WARN_UNGUARDED_AVAILABILITY = YES_AGGRESSIVE;
				CLANG_WARN_UNREACHABLE_CODE = YES;
				CLANG_WARN__DUPLICATE_METHOD_MATCH = YES;
				CODE_SIGN_IDENTITY = "iPhone Developer";
				COPY_PHASE_STRIP = NO;
				DEBUG_INFORMATION_FORMAT = dwarf;
				ENABLE_STRICT_OBJC_MSGSEND = YES;
				ENABLE_TESTABILITY = YES;
				GCC_C_LANGUAGE_STANDARD = gnu11;
				GCC_DYNAMIC_NO_PIC = NO;
				GCC_NO_COMMON_BLOCKS = YES;
				GCC_OPTIMIZATION_LEVEL = 0;
				GCC_PREPROCESSOR_DEFINITIONS = (
					"DEBUG=1",
					"$(inherited)",
				);
				GCC_WARN_64_TO_32_BIT_CONVERSION = YES;
				GCC_WARN_ABOUT_RETURN_TYPE = YES_ERROR;
				GCC_WARN_UNDECLARED_SELECTOR = YES;
				GCC_WARN_UNINITIALIZED_AUTOS = YES_AGGRESSIVE;
				GCC_WARN_UNUSED_FUNCTION = YES;
				GCC_WARN_UNUSED_VARIABLE = YES;
				IPHONEOS_DEPLOYMENT_TARGET = 12.2;
				MTL_ENABLE_DEBUG_INFO = INCLUDE_SOURCE;
				MTL_FAST_MATH = YES;
				ONLY_ACTIVE_ARCH = YES;
				SDKROOT = iphoneos;
				SWIFT_ACTIVE_COMPILATION_CONDITIONS = DEBUG;
				SWIFT_OPTIMIZATION_LEVEL = "-Onone";
			};
			name = Debug;
		};
		E8B36BAF22EF64D8002BCCE8 /* Release */ = {
			isa = XCBuildConfiguration;
			buildSettings = {
				ALWAYS_SEARCH_USER_PATHS = NO;
				CLANG_ANALYZER_NONNULL = YES;
				CLANG_ANALYZER_NUMBER_OBJECT_CONVERSION = YES_AGGRESSIVE;
				CLANG_CXX_LANGUAGE_STANDARD = "gnu++14";
				CLANG_CXX_LIBRARY = "libc++";
				CLANG_ENABLE_MODULES = YES;
				CLANG_ENABLE_OBJC_ARC = YES;
				CLANG_ENABLE_OBJC_WEAK = YES;
				CLANG_WARN_BLOCK_CAPTURE_AUTORELEASING = YES;
				CLANG_WARN_BOOL_CONVERSION = YES;
				CLANG_WARN_COMMA = YES;
				CLANG_WARN_CONSTANT_CONVERSION = YES;
				CLANG_WARN_DEPRECATED_OBJC_IMPLEMENTATIONS = YES;
				CLANG_WARN_DIRECT_OBJC_ISA_USAGE = YES_ERROR;
				CLANG_WARN_DOCUMENTATION_COMMENTS = YES;
				CLANG_WARN_EMPTY_BODY = YES;
				CLANG_WARN_ENUM_CONVERSION = YES;
				CLANG_WARN_INFINITE_RECURSION = YES;
				CLANG_WARN_INT_CONVERSION = YES;
				CLANG_WARN_NON_LITERAL_NULL_CONVERSION = YES;
				CLANG_WARN_OBJC_IMPLICIT_RETAIN_SELF = YES;
				CLANG_WARN_OBJC_LITERAL_CONVERSION = YES;
				CLANG_WARN_OBJC_ROOT_CLASS = YES_ERROR;
				CLANG_WARN_RANGE_LOOP_ANALYSIS = YES;
				CLANG_WARN_STRICT_PROTOTYPES = YES;
				CLANG_WARN_SUSPICIOUS_MOVE = YES;
				CLANG_WARN_UNGUARDED_AVAILABILITY = YES_AGGRESSIVE;
				CLANG_WARN_UNREACHABLE_CODE = YES;
				CLANG_WARN__DUPLICATE_METHOD_MATCH = YES;
				CODE_SIGN_IDENTITY = "iPhone Developer";
				COPY_PHASE_STRIP = NO;
				DEBUG_INFORMATION_FORMAT = "dwarf-with-dsym";
				ENABLE_NS_ASSERTIONS = NO;
				ENABLE_STRICT_OBJC_MSGSEND = YES;
				GCC_C_LANGUAGE_STANDARD = gnu11;
				GCC_NO_COMMON_BLOCKS = YES;
				GCC_WARN_64_TO_32_BIT_CONVERSION = YES;
				GCC_WARN_ABOUT_RETURN_TYPE = YES_ERROR;
				GCC_WARN_UNDECLARED_SELECTOR = YES;
				GCC_WARN_UNINITIALIZED_AUTOS = YES_AGGRESSIVE;
				GCC_WARN_UNUSED_FUNCTION = YES;
				GCC_WARN_UNUSED_VARIABLE = YES;
				IPHONEOS_DEPLOYMENT_TARGET = 12.2;
				MTL_ENABLE_DEBUG_INFO = NO;
				MTL_FAST_MATH = YES;
				SDKROOT = iphoneos;
				SWIFT_COMPILATION_MODE = wholemodule;
				SWIFT_OPTIMIZATION_LEVEL = "-O";
				VALIDATE_PRODUCT = YES;
			};
			name = Release;
		};
		E8B36BB122EF64D8002BCCE8 /* Debug */ = {
			isa = XCBuildConfiguration;
			buildSettings = {
				ASSETCATALOG_COMPILER_APPICON_NAME = AppIcon;
				CODE_SIGN_STYLE = Automatic;
				DEVELOPMENT_TEAM = HHWLCLH68V;
				INFOPLIST_FILE = GuessWho/Info.plist;
				LD_RUNPATH_SEARCH_PATHS = (
					"$(inherited)",
					"@executable_path/Frameworks",
				);
				PRODUCT_BUNDLE_IDENTIFIER = com.lambdashool.GuessWho;
				PRODUCT_NAME = "$(TARGET_NAME)";
				SWIFT_VERSION = 5.0;
				TARGETED_DEVICE_FAMILY = "1,2";
			};
			name = Debug;
		};
		E8B36BB222EF64D8002BCCE8 /* Release */ = {
			isa = XCBuildConfiguration;
			buildSettings = {
				ASSETCATALOG_COMPILER_APPICON_NAME = AppIcon;
				CODE_SIGN_STYLE = Automatic;
				DEVELOPMENT_TEAM = HHWLCLH68V;
				INFOPLIST_FILE = GuessWho/Info.plist;
				LD_RUNPATH_SEARCH_PATHS = (
					"$(inherited)",
					"@executable_path/Frameworks",
				);
				PRODUCT_BUNDLE_IDENTIFIER = com.lambdashool.GuessWho;
				PRODUCT_NAME = "$(TARGET_NAME)";
				SWIFT_VERSION = 5.0;
				TARGETED_DEVICE_FAMILY = "1,2";
			};
			name = Release;
		};
/* End XCBuildConfiguration section */

/* Begin XCConfigurationList section */
		E8B36B9922EF64D7002BCCE8 /* Build configuration list for PBXProject "GuessWho" */ = {
			isa = XCConfigurationList;
			buildConfigurations = (
				E8B36BAE22EF64D8002BCCE8 /* Debug */,
				E8B36BAF22EF64D8002BCCE8 /* Release */,
			);
			defaultConfigurationIsVisible = 0;
			defaultConfigurationName = Release;
		};
		E8B36BB022EF64D8002BCCE8 /* Build configuration list for PBXNativeTarget "GuessWho" */ = {
			isa = XCConfigurationList;
			buildConfigurations = (
				E8B36BB122EF64D8002BCCE8 /* Debug */,
				E8B36BB222EF64D8002BCCE8 /* Release */,
			);
			defaultConfigurationIsVisible = 0;
			defaultConfigurationName = Release;
		};
/* End XCConfigurationList section */
	};
	rootObject = E8B36B9622EF64D7002BCCE8 /* Project object */;
}
